
Microsoft Visual Studio Solution File, Format Version 12.00
# Visual Studio Version 17
VisualStudioVersion = 17.5.33424.131
MinimumVisualStudioVersion = 10.0.40219.1
Project("{2150E333-8FDC-42A3-9474-1A3956D46DE8}") = "Services", "Services", "{63440F07-5D91-46ED-B694-B882161711C1}"
EndProject
Project("{2150E333-8FDC-42A3-9474-1A3956D46DE8}") = "WebApp", "WebApp", "{0FEB6E63-ABE7-4342-9E1B-F6510D1E47D8}"
EndProject
Project("{2150E333-8FDC-42A3-9474-1A3956D46DE8}") = "Exchange.Ordering", "Exchange.Ordering", "{CA4E9DCF-2713-4302-927F-AE38A6D0B2CD}"
EndProject
Project("{2150E333-8FDC-42A3-9474-1A3956D46DE8}") = "Exchange.Identity", "Exchange.Identity", "{552EC7BD-68C5-4130-95FC-8593C8DA86D1}"
EndProject
Project("{2150E333-8FDC-42A3-9474-1A3956D46DE8}") = "Exchange.Predictation", "Exchange.Predictation", "{E6BCDCBA-F92F-427A-9B1D-84ED7C176B65}"
EndProject
Project("{2150E333-8FDC-42A3-9474-1A3956D46DE8}") = "Exchange.Signal", "Exchange.Signal", "{E9EE99C6-2048-4FDA-819A-AB0F8D54D8CC}"
EndProject
Project("{2150E333-8FDC-42A3-9474-1A3956D46DE8}") = "ApiGetways", "ApiGetways", "{A6933807-CF09-4303-A729-8821787FADE9}"
EndProject
Project("{2150E333-8FDC-42A3-9474-1A3956D46DE8}") = "BuildingBlocks", "BuildingBlocks", "{B9B8848E-542F-4830-BEF9-A2CF3C4676CF}"
EndProject
Project("{9A19103F-16F7-4668-BE54-9A1E7A4F7556}") = "OcelotApiGateway", "ApiGetways\OcelotApiGateway\OcelotApiGateway.csproj", "{CBCCA940-AE4C-4377-89CF-3648630EB495}"
EndProject
Project("{9A19103F-16F7-4668-BE54-9A1E7A4F7556}") = "Exchange.WebApp", "WebApp\Exchange.WebApp\Exchange.WebApp.csproj", "{D60A77AD-DDB8-4D6A-AE60-43552BF201C9}"
EndProject
Project("{2150E333-8FDC-42A3-9474-1A3956D46DE8}") = "Ordering.API", "Ordering.API", "{074D9EDE-9FE6-41FF-9B2E-4B3B7CF06AC2}"
EndProject
Project("{9A19103F-16F7-4668-BE54-9A1E7A4F7556}") = "Exchange.Identity", "Services\Exchange.Identity\Exchange.Edentity\Exchange.Identity.csproj", "{AD273070-AF45-40CC-AFD1-C478E7AAAFE4}"
EndProject
Project("{9A19103F-16F7-4668-BE54-9A1E7A4F7556}") = "Exchange.Identity.GRPC", "Services\Exchange.Identity\Exchange.Identity.GRPC\Exchange.Identity.GRPC.csproj", "{D3193FF3-523F-46C1-B8BE-4EB7F803A215}"
EndProject
Project("{9A19103F-16F7-4668-BE54-9A1E7A4F7556}") = "Exchange.Ordering.API", "Services\Exchange.Ordering\Exchange.Ordering.API\Exchange.Ordering.API.csproj", "{1FA19F07-7F1A-4B9A-A67B-280E1E8AEB27}"
EndProject
Project("{9A19103F-16F7-4668-BE54-9A1E7A4F7556}") = "Exchange.Predictation.API", "Services\Exchange.Predictation\Exchange.Predictation.API.csproj", "{5749BF09-0853-42EE-B305-EEA6CB996D93}"
EndProject
Project("{9A19103F-16F7-4668-BE54-9A1E7A4F7556}") = "Exchange.Signal.API", "Services\Exchange.Signal\Exchange.Signal.API.csproj", "{BADC67C0-3ECC-45D1-8971-5522AC6FA9CA}"
EndProject
Project("{2150E333-8FDC-42A3-9474-1A3956D46DE8}") = "Ordering.Domain", "Ordering.Domain", "{F8F84045-F293-46DB-8820-3DD12A4F3159}"
EndProject
Project("{2150E333-8FDC-42A3-9474-1A3956D46DE8}") = "Ordering.Application", "Ordering.Application", "{D2E80B22-1E0E-4853-A9A6-F5AE39149303}"
EndProject
Project("{2150E333-8FDC-42A3-9474-1A3956D46DE8}") = "Ordering.Infrastructure", "Ordering.Infrastructure", "{E075E455-6814-4A3F-BE72-6BAF12A28885}"
EndProject
Project("{9A19103F-16F7-4668-BE54-9A1E7A4F7556}") = "Ordering.Application", "Services\Exchange.Ordering\Ordering.Application\Ordering.Application.csproj", "{A7C83F55-54DB-4A28-9D9F-0498C6B82033}"
EndProject
Project("{9A19103F-16F7-4668-BE54-9A1E7A4F7556}") = "Ordering.Domain", "Services\Exchange.Ordering\Ordering.Domain\Ordering.Domain.csproj", "{4E22F391-2C21-4DF2-A7C3-A0076996DDB7}"
EndProject
Project("{9A19103F-16F7-4668-BE54-9A1E7A4F7556}") = "Ordering.Infrastructure", "Services\Exchange.Ordering\Ordering.Infrastructure\Ordering.Infrastructure.csproj", "{171C98E7-CC00-4153-8345-A03C8706EAE4}"
EndProject
Project("{2150E333-8FDC-42A3-9474-1A3956D46DE8}") = "Exchange.Wallet", "Exchange.Wallet", "{BCAE7B4B-F4E8-4FC4-A11A-8A542D73EDAC}"
EndProject
Global
	GlobalSection(SolutionConfigurationPlatforms) = preSolution
		Debug|Any CPU = Debug|Any CPU
		Release|Any CPU = Release|Any CPU
	EndGlobalSection
	GlobalSection(ProjectConfigurationPlatforms) = postSolution
		{CBCCA940-AE4C-4377-89CF-3648630EB495}.Debug|Any CPU.ActiveCfg = Debug|Any CPU
		{CBCCA940-AE4C-4377-89CF-3648630EB495}.Debug|Any CPU.Build.0 = Debug|Any CPU
		{CBCCA940-AE4C-4377-89CF-3648630EB495}.Release|Any CPU.ActiveCfg = Release|Any CPU
		{CBCCA940-AE4C-4377-89CF-3648630EB495}.Release|Any CPU.Build.0 = Release|Any CPU
		{D60A77AD-DDB8-4D6A-AE60-43552BF201C9}.Debug|Any CPU.ActiveCfg = Debug|Any CPU
		{D60A77AD-DDB8-4D6A-AE60-43552BF201C9}.Debug|Any CPU.Build.0 = Debug|Any CPU
		{D60A77AD-DDB8-4D6A-AE60-43552BF201C9}.Release|Any CPU.ActiveCfg = Release|Any CPU
		{D60A77AD-DDB8-4D6A-AE60-43552BF201C9}.Release|Any CPU.Build.0 = Release|Any CPU
		{AD273070-AF45-40CC-AFD1-C478E7AAAFE4}.Debug|Any CPU.ActiveCfg = Debug|Any CPU
		{AD273070-AF45-40CC-AFD1-C478E7AAAFE4}.Debug|Any CPU.Build.0 = Debug|Any CPU
		{AD273070-AF45-40CC-AFD1-C478E7AAAFE4}.Release|Any CPU.ActiveCfg = Release|Any CPU
		{AD273070-AF45-40CC-AFD1-C478E7AAAFE4}.Release|Any CPU.Build.0 = Release|Any CPU
		{D3193FF3-523F-46C1-B8BE-4EB7F803A215}.Debug|Any CPU.ActiveCfg = Debug|Any CPU
		{D3193FF3-523F-46C1-B8BE-4EB7F803A215}.Debug|Any CPU.Build.0 = Debug|Any CPU
		{D3193FF3-523F-46C1-B8BE-4EB7F803A215}.Release|Any CPU.ActiveCfg = Release|Any CPU
		{D3193FF3-523F-46C1-B8BE-4EB7F803A215}.Release|Any CPU.Build.0 = Release|Any CPU
		{1FA19F07-7F1A-4B9A-A67B-280E1E8AEB27}.Debug|Any CPU.ActiveCfg = Debug|Any CPU
		{1FA19F07-7F1A-4B9A-A67B-280E1E8AEB27}.Debug|Any CPU.Build.0 = Debug|Any CPU
		{1FA19F07-7F1A-4B9A-A67B-280E1E8AEB27}.Release|Any CPU.ActiveCfg = Release|Any CPU
		{1FA19F07-7F1A-4B9A-A67B-280E1E8AEB27}.Release|Any CPU.Build.0 = Release|Any CPU
		{5749BF09-0853-42EE-B305-EEA6CB996D93}.Debug|Any CPU.ActiveCfg = Debug|Any CPU
		{5749BF09-0853-42EE-B305-EEA6CB996D93}.Debug|Any CPU.Build.0 = Debug|Any CPU
		{5749BF09-0853-42EE-B305-EEA6CB996D93}.Release|Any CPU.ActiveCfg = Release|Any CPU
		{5749BF09-0853-42EE-B305-EEA6CB996D93}.Release|Any CPU.Build.0 = Release|Any CPU
		{BADC67C0-3ECC-45D1-8971-5522AC6FA9CA}.Debug|Any CPU.ActiveCfg = Debug|Any CPU
		{BADC67C0-3ECC-45D1-8971-5522AC6FA9CA}.Debug|Any CPU.Build.0 = Debug|Any CPU
		{BADC67C0-3ECC-45D1-8971-5522AC6FA9CA}.Release|Any CPU.ActiveCfg = Release|Any CPU
		{BADC67C0-3ECC-45D1-8971-5522AC6FA9CA}.Release|Any CPU.Build.0 = Release|Any CPU
		{A7C83F55-54DB-4A28-9D9F-0498C6B82033}.Debug|Any CPU.ActiveCfg = Debug|Any CPU
		{A7C83F55-54DB-4A28-9D9F-0498C6B82033}.Debug|Any CPU.Build.0 = Debug|Any CPU
		{A7C83F55-54DB-4A28-9D9F-0498C6B82033}.Release|Any CPU.ActiveCfg = Release|Any CPU
		{A7C83F55-54DB-4A28-9D9F-0498C6B82033}.Release|Any CPU.Build.0 = Release|Any CPU
		{4E22F391-2C21-4DF2-A7C3-A0076996DDB7}.Debug|Any CPU.ActiveCfg = Debug|Any CPU
		{4E22F391-2C21-4DF2-A7C3-A0076996DDB7}.Debug|Any CPU.Build.0 = Debug|Any CPU
		{4E22F391-2C21-4DF2-A7C3-A0076996DDB7}.Release|Any CPU.ActiveCfg = Release|Any CPU
		{4E22F391-2C21-4DF2-A7C3-A0076996DDB7}.Release|Any CPU.Build.0 = Release|Any CPU
		{171C98E7-CC00-4153-8345-A03C8706EAE4}.Debug|Any CPU.ActiveCfg = Debug|Any CPU
		{171C98E7-CC00-4153-8345-A03C8706EAE4}.Debug|Any CPU.Build.0 = Debug|Any CPU
		{171C98E7-CC00-4153-8345-A03C8706EAE4}.Release|Any CPU.ActiveCfg = Release|Any CPU
		{171C98E7-CC00-4153-8345-A03C8706EAE4}.Release|Any CPU.Build.0 = Release|Any CPU
	EndGlobalSection
	GlobalSection(SolutionProperties) = preSolution
		HideSolutionNode = FALSE
	EndGlobalSection
	GlobalSection(NestedProjects) = preSolution
		{CA4E9DCF-2713-4302-927F-AE38A6D0B2CD} = {63440F07-5D91-46ED-B694-B882161711C1}
		{552EC7BD-68C5-4130-95FC-8593C8DA86D1} = {63440F07-5D91-46ED-B694-B882161711C1}
		{E6BCDCBA-F92F-427A-9B1D-84ED7C176B65} = {63440F07-5D91-46ED-B694-B882161711C1}
		{E9EE99C6-2048-4FDA-819A-AB0F8D54D8CC} = {63440F07-5D91-46ED-B694-B882161711C1}
		{CBCCA940-AE4C-4377-89CF-3648630EB495} = {A6933807-CF09-4303-A729-8821787FADE9}
		{D60A77AD-DDB8-4D6A-AE60-43552BF201C9} = {0FEB6E63-ABE7-4342-9E1B-F6510D1E47D8}
		{074D9EDE-9FE6-41FF-9B2E-4B3B7CF06AC2} = {CA4E9DCF-2713-4302-927F-AE38A6D0B2CD}
		{AD273070-AF45-40CC-AFD1-C478E7AAAFE4} = {552EC7BD-68C5-4130-95FC-8593C8DA86D1}
		{D3193FF3-523F-46C1-B8BE-4EB7F803A215} = {552EC7BD-68C5-4130-95FC-8593C8DA86D1}
		{1FA19F07-7F1A-4B9A-A67B-280E1E8AEB27} = {074D9EDE-9FE6-41FF-9B2E-4B3B7CF06AC2}
		{5749BF09-0853-42EE-B305-EEA6CB996D93} = {E6BCDCBA-F92F-427A-9B1D-84ED7C176B65}
		{BADC67C0-3ECC-45D1-8971-5522AC6FA9CA} = {E9EE99C6-2048-4FDA-819A-AB0F8D54D8CC}
		{F8F84045-F293-46DB-8820-3DD12A4F3159} = {CA4E9DCF-2713-4302-927F-AE38A6D0B2CD}
		{D2E80B22-1E0E-4853-A9A6-F5AE39149303} = {CA4E9DCF-2713-4302-927F-AE38A6D0B2CD}
		{E075E455-6814-4A3F-BE72-6BAF12A28885} = {CA4E9DCF-2713-4302-927F-AE38A6D0B2CD}
		{A7C83F55-54DB-4A28-9D9F-0498C6B82033} = {D2E80B22-1E0E-4853-A9A6-F5AE39149303}
		{4E22F391-2C21-4DF2-A7C3-A0076996DDB7} = {F8F84045-F293-46DB-8820-3DD12A4F3159}
		{171C98E7-CC00-4153-8345-A03C8706EAE4} = {E075E455-6814-4A3F-BE72-6BAF12A28885}
		{BCAE7B4B-F4E8-4FC4-A11A-8A542D73EDAC} = {63440F07-5D91-46ED-B694-B882161711C1}
	EndGlobalSection
	GlobalSection(ExtensibilityGlobals) = postSolution
		SolutionGuid = {1CC269AB-0844-46F6-82DB-FD470A0145DB}
	EndGlobalSection
EndGlobal
