
Microsoft Visual Studio Solution File, Format Version 12.00
# Visual Studio Version 17
VisualStudioVersion = 17.5.33424.131
MinimumVisualStudioVersion = 10.0.40219.1
Project("{2150E333-8FDC-42A3-9474-1A3956D46DE8}") = "Services", "Services", "{63440F07-5D91-46ED-B694-B882161711C1}"
EndProject
Project("{2150E333-8FDC-42A3-9474-1A3956D46DE8}") = "Exchange.Ordering", "Exchange.Ordering", "{CA4E9DCF-2713-4302-927F-AE38A6D0B2CD}"
EndProject
Project("{2150E333-8FDC-42A3-9474-1A3956D46DE8}") = "Exchange.Identity", "Exchange.Identity", "{552EC7BD-68C5-4130-95FC-8593C8DA86D1}"
EndProject
Project("{2150E333-8FDC-42A3-9474-1A3956D46DE8}") = "ApiGetways", "ApiGetways", "{A6933807-CF09-4303-A729-8821787FADE9}"
EndProject
Project("{2150E333-8FDC-42A3-9474-1A3956D46DE8}") = "BuildingBlocks", "BuildingBlocks", "{B9B8848E-542F-4830-BEF9-A2CF3C4676CF}"
EndProject
Project("{9A19103F-16F7-4668-BE54-9A1E7A4F7556}") = "OcelotApiGateway", "ApiGetways\OcelotApiGateway\OcelotApiGateway.csproj", "{CBCCA940-AE4C-4377-89CF-3648630EB495}"
EndProject
Project("{2150E333-8FDC-42A3-9474-1A3956D46DE8}") = "Ordering.API", "Ordering.API", "{074D9EDE-9FE6-41FF-9B2E-4B3B7CF06AC2}"
EndProject
Project("{9A19103F-16F7-4668-BE54-9A1E7A4F7556}") = "Exchange.Ordering.API", "Services\Exchange.Ordering\Exchange.Ordering.API\Exchange.Ordering.API.csproj", "{1FA19F07-7F1A-4B9A-A67B-280E1E8AEB27}"
EndProject
Project("{2150E333-8FDC-42A3-9474-1A3956D46DE8}") = "Ordering.Domain", "Ordering.Domain", "{F8F84045-F293-46DB-8820-3DD12A4F3159}"
EndProject
Project("{2150E333-8FDC-42A3-9474-1A3956D46DE8}") = "Ordering.Application", "Ordering.Application", "{D2E80B22-1E0E-4853-A9A6-F5AE39149303}"
EndProject
Project("{2150E333-8FDC-42A3-9474-1A3956D46DE8}") = "Ordering.Infrastructure", "Ordering.Infrastructure", "{E075E455-6814-4A3F-BE72-6BAF12A28885}"
EndProject
Project("{9A19103F-16F7-4668-BE54-9A1E7A4F7556}") = "Ordering.Application", "Services\Exchange.Ordering\Ordering.Application\Ordering.Application.csproj", "{A7C83F55-54DB-4A28-9D9F-0498C6B82033}"
EndProject
Project("{9A19103F-16F7-4668-BE54-9A1E7A4F7556}") = "Ordering.Domain", "Services\Exchange.Ordering\Ordering.Domain\Ordering.Domain.csproj", "{4E22F391-2C21-4DF2-A7C3-A0076996DDB7}"
EndProject
Project("{9A19103F-16F7-4668-BE54-9A1E7A4F7556}") = "Ordering.Infrastructure", "Services\Exchange.Ordering\Ordering.Infrastructure\Ordering.Infrastructure.csproj", "{171C98E7-CC00-4153-8345-A03C8706EAE4}"
EndProject
Project("{9A19103F-16F7-4668-BE54-9A1E7A4F7556}") = "Exchange.Identity", "Services\Exchange.Identity\Exchange.Identity\Exchange.Identity.csproj", "{1EB14F78-BCCC-4D54-82FE-F6BAD566EBCC}"
EndProject
Project("{2150E333-8FDC-42A3-9474-1A3956D46DE8}") = "Exchange.DataAnalysis", "Exchange.DataAnalysis", "{6411D738-E268-45BF-BFD0-9C2153D6C125}"
EndProject
Project("{2150E333-8FDC-42A3-9474-1A3956D46DE8}") = "Exchange.Prediction", "Exchange.Prediction", "{A75111E3-4E41-4DF1-A42F-30394055D516}"
EndProject
Project("{2150E333-8FDC-42A3-9474-1A3956D46DE8}") = "Exchange.Signal", "Exchange.Signal", "{635904A3-941B-412A-932F-D5D011038EE7}"
EndProject
Project("{9A19103F-16F7-4668-BE54-9A1E7A4F7556}") = "Exchange.Prediction", "Services\Exchange.DataAnalysis\Exchange.Prediction\Exchange.Prediction.csproj", "{B9944F9F-57EE-4F0B-9867-1CACA51B2E21}"
EndProject
Project("{2150E333-8FDC-42A3-9474-1A3956D46DE8}") = "Exchange.SignalR", "Exchange.SignalR", "{F8035B49-99AE-4F25-83F5-8CFF91AC2CBF}"
EndProject
Project("{9A19103F-16F7-4668-BE54-9A1E7A4F7556}") = "Exchange.Signal", "Services\Exchange.DataAnalysis\Exchange.Signal\Exchange.Signal.csproj", "{92B485B0-6E57-4C63-A792-51585E7AE7DE}"
EndProject
Global
	GlobalSection(SolutionConfigurationPlatforms) = preSolution
		Debug|Any CPU = Debug|Any CPU
		Release|Any CPU = Release|Any CPU
	EndGlobalSection
	GlobalSection(ProjectConfigurationPlatforms) = postSolution
		{CBCCA940-AE4C-4377-89CF-3648630EB495}.Debug|Any CPU.ActiveCfg = Debug|Any CPU
		{CBCCA940-AE4C-4377-89CF-3648630EB495}.Debug|Any CPU.Build.0 = Debug|Any CPU
		{CBCCA940-AE4C-4377-89CF-3648630EB495}.Release|Any CPU.ActiveCfg = Release|Any CPU
		{CBCCA940-AE4C-4377-89CF-3648630EB495}.Release|Any CPU.Build.0 = Release|Any CPU
		{1FA19F07-7F1A-4B9A-A67B-280E1E8AEB27}.Debug|Any CPU.ActiveCfg = Debug|Any CPU
		{1FA19F07-7F1A-4B9A-A67B-280E1E8AEB27}.Debug|Any CPU.Build.0 = Debug|Any CPU
		{1FA19F07-7F1A-4B9A-A67B-280E1E8AEB27}.Release|Any CPU.ActiveCfg = Release|Any CPU
		{1FA19F07-7F1A-4B9A-A67B-280E1E8AEB27}.Release|Any CPU.Build.0 = Release|Any CPU
		{A7C83F55-54DB-4A28-9D9F-0498C6B82033}.Debug|Any CPU.ActiveCfg = Debug|Any CPU
		{A7C83F55-54DB-4A28-9D9F-0498C6B82033}.Debug|Any CPU.Build.0 = Debug|Any CPU
		{A7C83F55-54DB-4A28-9D9F-0498C6B82033}.Release|Any CPU.ActiveCfg = Release|Any CPU
		{A7C83F55-54DB-4A28-9D9F-0498C6B82033}.Release|Any CPU.Build.0 = Release|Any CPU
		{4E22F391-2C21-4DF2-A7C3-A0076996DDB7}.Debug|Any CPU.ActiveCfg = Debug|Any CPU
		{4E22F391-2C21-4DF2-A7C3-A0076996DDB7}.Debug|Any CPU.Build.0 = Debug|Any CPU
		{4E22F391-2C21-4DF2-A7C3-A0076996DDB7}.Release|Any CPU.ActiveCfg = Release|Any CPU
		{4E22F391-2C21-4DF2-A7C3-A0076996DDB7}.Release|Any CPU.Build.0 = Release|Any CPU
		{171C98E7-CC00-4153-8345-A03C8706EAE4}.Debug|Any CPU.ActiveCfg = Debug|Any CPU
		{171C98E7-CC00-4153-8345-A03C8706EAE4}.Debug|Any CPU.Build.0 = Debug|Any CPU
		{171C98E7-CC00-4153-8345-A03C8706EAE4}.Release|Any CPU.ActiveCfg = Release|Any CPU
		{171C98E7-CC00-4153-8345-A03C8706EAE4}.Release|Any CPU.Build.0 = Release|Any CPU
		{1EB14F78-BCCC-4D54-82FE-F6BAD566EBCC}.Debug|Any CPU.ActiveCfg = Debug|Any CPU
		{1EB14F78-BCCC-4D54-82FE-F6BAD566EBCC}.Debug|Any CPU.Build.0 = Debug|Any CPU
		{1EB14F78-BCCC-4D54-82FE-F6BAD566EBCC}.Release|Any CPU.ActiveCfg = Release|Any CPU
		{1EB14F78-BCCC-4D54-82FE-F6BAD566EBCC}.Release|Any CPU.Build.0 = Release|Any CPU
		{B9944F9F-57EE-4F0B-9867-1CACA51B2E21}.Debug|Any CPU.ActiveCfg = Debug|Any CPU
		{B9944F9F-57EE-4F0B-9867-1CACA51B2E21}.Debug|Any CPU.Build.0 = Debug|Any CPU
		{B9944F9F-57EE-4F0B-9867-1CACA51B2E21}.Release|Any CPU.ActiveCfg = Release|Any CPU
		{B9944F9F-57EE-4F0B-9867-1CACA51B2E21}.Release|Any CPU.Build.0 = Release|Any CPU
		{92B485B0-6E57-4C63-A792-51585E7AE7DE}.Debug|Any CPU.ActiveCfg = Debug|Any CPU
		{92B485B0-6E57-4C63-A792-51585E7AE7DE}.Debug|Any CPU.Build.0 = Debug|Any CPU
		{92B485B0-6E57-4C63-A792-51585E7AE7DE}.Release|Any CPU.ActiveCfg = Release|Any CPU
		{92B485B0-6E57-4C63-A792-51585E7AE7DE}.Release|Any CPU.Build.0 = Release|Any CPU
	EndGlobalSection
	GlobalSection(SolutionProperties) = preSolution
		HideSolutionNode = FALSE
	EndGlobalSection
	GlobalSection(NestedProjects) = preSolution
		{CA4E9DCF-2713-4302-927F-AE38A6D0B2CD} = {63440F07-5D91-46ED-B694-B882161711C1}
		{552EC7BD-68C5-4130-95FC-8593C8DA86D1} = {63440F07-5D91-46ED-B694-B882161711C1}
		{CBCCA940-AE4C-4377-89CF-3648630EB495} = {A6933807-CF09-4303-A729-8821787FADE9}
		{074D9EDE-9FE6-41FF-9B2E-4B3B7CF06AC2} = {CA4E9DCF-2713-4302-927F-AE38A6D0B2CD}
		{1FA19F07-7F1A-4B9A-A67B-280E1E8AEB27} = {074D9EDE-9FE6-41FF-9B2E-4B3B7CF06AC2}
		{F8F84045-F293-46DB-8820-3DD12A4F3159} = {CA4E9DCF-2713-4302-927F-AE38A6D0B2CD}
		{D2E80B22-1E0E-4853-A9A6-F5AE39149303} = {CA4E9DCF-2713-4302-927F-AE38A6D0B2CD}
		{E075E455-6814-4A3F-BE72-6BAF12A28885} = {CA4E9DCF-2713-4302-927F-AE38A6D0B2CD}
		{A7C83F55-54DB-4A28-9D9F-0498C6B82033} = {D2E80B22-1E0E-4853-A9A6-F5AE39149303}
		{4E22F391-2C21-4DF2-A7C3-A0076996DDB7} = {F8F84045-F293-46DB-8820-3DD12A4F3159}
		{171C98E7-CC00-4153-8345-A03C8706EAE4} = {E075E455-6814-4A3F-BE72-6BAF12A28885}
		{1EB14F78-BCCC-4D54-82FE-F6BAD566EBCC} = {552EC7BD-68C5-4130-95FC-8593C8DA86D1}
		{6411D738-E268-45BF-BFD0-9C2153D6C125} = {63440F07-5D91-46ED-B694-B882161711C1}
		{A75111E3-4E41-4DF1-A42F-30394055D516} = {6411D738-E268-45BF-BFD0-9C2153D6C125}
		{635904A3-941B-412A-932F-D5D011038EE7} = {6411D738-E268-45BF-BFD0-9C2153D6C125}
		{B9944F9F-57EE-4F0B-9867-1CACA51B2E21} = {A75111E3-4E41-4DF1-A42F-30394055D516}
		{F8035B49-99AE-4F25-83F5-8CFF91AC2CBF} = {B9B8848E-542F-4830-BEF9-A2CF3C4676CF}
		{92B485B0-6E57-4C63-A792-51585E7AE7DE} = {635904A3-941B-412A-932F-D5D011038EE7}
	EndGlobalSection
	GlobalSection(ExtensibilityGlobals) = postSolution
		SolutionGuid = {1CC269AB-0844-46F6-82DB-FD470A0145DB}
	EndGlobalSection
EndGlobal
