
Microsoft Visual Studio Solution File, Format Version 12.00
# Visual Studio Version 17
VisualStudioVersion = 17.5.33424.131
MinimumVisualStudioVersion = 10.0.40219.1
Project("{2150E333-8FDC-42A3-9474-1A3956D46DE8}") = "Services", "Services", "{63440F07-5D91-46ED-B694-B882161711C1}"
EndProject
Project("{2150E333-8FDC-42A3-9474-1A3956D46DE8}") = "WebApp", "WebApp", "{0FEB6E63-ABE7-4342-9E1B-F6510D1E47D8}"
EndProject
Project("{9A19103F-16F7-4668-BE54-9A1E7A4F7556}") = "Exchange.WebApp", "WebApp\Exchange\Exchange.WebApp.csproj", "{19F1E5E6-6122-49E3-8A68-F4480E4A6A31}"
EndProject
Project("{2150E333-8FDC-42A3-9474-1A3956D46DE8}") = "Exchange.Ordering.API", "Exchange.Ordering.API", "{CA4E9DCF-2713-4302-927F-AE38A6D0B2CD}"
EndProject
Project("{9A19103F-16F7-4668-BE54-9A1E7A4F7556}") = "Exchange.Ordering.API", "Services\Exchange.Ordering.API\Exchange.Ordering.API\Exchange.Ordering.API.csproj", "{6197E8FD-5848-49B4-8A82-43E33CD007A9}"
EndProject
Project("{2150E333-8FDC-42A3-9474-1A3956D46DE8}") = "Exchange.Identity.API", "Exchange.Identity.API", "{552EC7BD-68C5-4130-95FC-8593C8DA86D1}"
EndProject
Project("{2150E333-8FDC-42A3-9474-1A3956D46DE8}") = "Exchange.Predictation.API", "Exchange.Predictation.API", "{E6BCDCBA-F92F-427A-9B1D-84ED7C176B65}"
EndProject
Project("{2150E333-8FDC-42A3-9474-1A3956D46DE8}") = "Exchange.Signal.API", "Exchange.Signal.API", "{E9EE99C6-2048-4FDA-819A-AB0F8D54D8CC}"
EndProject
Project("{9A19103F-16F7-4668-BE54-9A1E7A4F7556}") = "Exchange.Signal.API", "Services\Exchange.Signal.API\Exchange.Signal.API.csproj", "{FB685939-CEAE-4BD1-8B73-3C637F1D0AAA}"
EndProject
Project("{9A19103F-16F7-4668-BE54-9A1E7A4F7556}") = "Exchange.Predictation.API", "Services\Exchange.Predictation.API\Exchange.Predictation.API.csproj", "{B6E50148-E715-4501-BB92-798244F02E3B}"
EndProject
Project("{2150E333-8FDC-42A3-9474-1A3956D46DE8}") = "ApiGetways", "ApiGetways", "{A6933807-CF09-4303-A729-8821787FADE9}"
EndProject
Project("{2150E333-8FDC-42A3-9474-1A3956D46DE8}") = "BuildingBlocks", "BuildingBlocks", "{B9B8848E-542F-4830-BEF9-A2CF3C4676CF}"
EndProject
Project("{9A19103F-16F7-4668-BE54-9A1E7A4F7556}") = "OcelotApiGateway", "ApiGetways\OcelotApiGateway\OcelotApiGateway.csproj", "{CBCCA940-AE4C-4377-89CF-3648630EB495}"
EndProject
Project("{9A19103F-16F7-4668-BE54-9A1E7A4F7556}") = "Exchange.Identity.API", "Services\Exchange.Identity.API\Exchange.Identity.API\Exchange.Identity.API.csproj", "{69D1F713-9595-46CC-AC5F-277CC6CCA229}"
EndProject
Project("{9A19103F-16F7-4668-BE54-9A1E7A4F7556}") = "Exchange.Identity.GRPC", "Services\Exchange.Identity.API\Exchange.Identity.GRPC\Exchange.Identity.GRPC.csproj", "{2FA5C41C-8034-446C-A69C-A55DC156E437}"
EndProject
Global
	GlobalSection(SolutionConfigurationPlatforms) = preSolution
		Debug|Any CPU = Debug|Any CPU
		Release|Any CPU = Release|Any CPU
	EndGlobalSection
	GlobalSection(ProjectConfigurationPlatforms) = postSolution
		{19F1E5E6-6122-49E3-8A68-F4480E4A6A31}.Debug|Any CPU.ActiveCfg = Debug|Any CPU
		{19F1E5E6-6122-49E3-8A68-F4480E4A6A31}.Debug|Any CPU.Build.0 = Debug|Any CPU
		{19F1E5E6-6122-49E3-8A68-F4480E4A6A31}.Release|Any CPU.ActiveCfg = Release|Any CPU
		{19F1E5E6-6122-49E3-8A68-F4480E4A6A31}.Release|Any CPU.Build.0 = Release|Any CPU
		{6197E8FD-5848-49B4-8A82-43E33CD007A9}.Debug|Any CPU.ActiveCfg = Debug|Any CPU
		{6197E8FD-5848-49B4-8A82-43E33CD007A9}.Debug|Any CPU.Build.0 = Debug|Any CPU
		{6197E8FD-5848-49B4-8A82-43E33CD007A9}.Release|Any CPU.ActiveCfg = Release|Any CPU
		{6197E8FD-5848-49B4-8A82-43E33CD007A9}.Release|Any CPU.Build.0 = Release|Any CPU
		{FB685939-CEAE-4BD1-8B73-3C637F1D0AAA}.Debug|Any CPU.ActiveCfg = Debug|Any CPU
		{FB685939-CEAE-4BD1-8B73-3C637F1D0AAA}.Debug|Any CPU.Build.0 = Debug|Any CPU
		{FB685939-CEAE-4BD1-8B73-3C637F1D0AAA}.Release|Any CPU.ActiveCfg = Release|Any CPU
		{FB685939-CEAE-4BD1-8B73-3C637F1D0AAA}.Release|Any CPU.Build.0 = Release|Any CPU
		{B6E50148-E715-4501-BB92-798244F02E3B}.Debug|Any CPU.ActiveCfg = Debug|Any CPU
		{B6E50148-E715-4501-BB92-798244F02E3B}.Debug|Any CPU.Build.0 = Debug|Any CPU
		{B6E50148-E715-4501-BB92-798244F02E3B}.Release|Any CPU.ActiveCfg = Release|Any CPU
		{B6E50148-E715-4501-BB92-798244F02E3B}.Release|Any CPU.Build.0 = Release|Any CPU
		{CBCCA940-AE4C-4377-89CF-3648630EB495}.Debug|Any CPU.ActiveCfg = Debug|Any CPU
		{CBCCA940-AE4C-4377-89CF-3648630EB495}.Debug|Any CPU.Build.0 = Debug|Any CPU
		{CBCCA940-AE4C-4377-89CF-3648630EB495}.Release|Any CPU.ActiveCfg = Release|Any CPU
		{CBCCA940-AE4C-4377-89CF-3648630EB495}.Release|Any CPU.Build.0 = Release|Any CPU
		{69D1F713-9595-46CC-AC5F-277CC6CCA229}.Debug|Any CPU.ActiveCfg = Debug|Any CPU
		{69D1F713-9595-46CC-AC5F-277CC6CCA229}.Debug|Any CPU.Build.0 = Debug|Any CPU
		{69D1F713-9595-46CC-AC5F-277CC6CCA229}.Release|Any CPU.ActiveCfg = Release|Any CPU
		{69D1F713-9595-46CC-AC5F-277CC6CCA229}.Release|Any CPU.Build.0 = Release|Any CPU
		{2FA5C41C-8034-446C-A69C-A55DC156E437}.Debug|Any CPU.ActiveCfg = Debug|Any CPU
		{2FA5C41C-8034-446C-A69C-A55DC156E437}.Debug|Any CPU.Build.0 = Debug|Any CPU
		{2FA5C41C-8034-446C-A69C-A55DC156E437}.Release|Any CPU.ActiveCfg = Release|Any CPU
		{2FA5C41C-8034-446C-A69C-A55DC156E437}.Release|Any CPU.Build.0 = Release|Any CPU
	EndGlobalSection
	GlobalSection(SolutionProperties) = preSolution
		HideSolutionNode = FALSE
	EndGlobalSection
	GlobalSection(NestedProjects) = preSolution
		{19F1E5E6-6122-49E3-8A68-F4480E4A6A31} = {0FEB6E63-ABE7-4342-9E1B-F6510D1E47D8}
		{CA4E9DCF-2713-4302-927F-AE38A6D0B2CD} = {63440F07-5D91-46ED-B694-B882161711C1}
		{6197E8FD-5848-49B4-8A82-43E33CD007A9} = {CA4E9DCF-2713-4302-927F-AE38A6D0B2CD}
		{552EC7BD-68C5-4130-95FC-8593C8DA86D1} = {63440F07-5D91-46ED-B694-B882161711C1}
		{E6BCDCBA-F92F-427A-9B1D-84ED7C176B65} = {63440F07-5D91-46ED-B694-B882161711C1}
		{E9EE99C6-2048-4FDA-819A-AB0F8D54D8CC} = {63440F07-5D91-46ED-B694-B882161711C1}
		{FB685939-CEAE-4BD1-8B73-3C637F1D0AAA} = {E9EE99C6-2048-4FDA-819A-AB0F8D54D8CC}
		{B6E50148-E715-4501-BB92-798244F02E3B} = {E6BCDCBA-F92F-427A-9B1D-84ED7C176B65}
		{CBCCA940-AE4C-4377-89CF-3648630EB495} = {A6933807-CF09-4303-A729-8821787FADE9}
		{69D1F713-9595-46CC-AC5F-277CC6CCA229} = {552EC7BD-68C5-4130-95FC-8593C8DA86D1}
		{2FA5C41C-8034-446C-A69C-A55DC156E437} = {552EC7BD-68C5-4130-95FC-8593C8DA86D1}
	EndGlobalSection
	GlobalSection(ExtensibilityGlobals) = postSolution
		SolutionGuid = {1CC269AB-0844-46F6-82DB-FD470A0145DB}
	EndGlobalSection
EndGlobal
