
Microsoft Visual Studio Solution File, Format Version 12.00
# Visual Studio Version 17
VisualStudioVersion = 17.12.35707.178
MinimumVisualStudioVersion = 10.0.40219.1
Project("{2150E333-8FDC-42A3-9474-1A3956D46DE8}") = "src", "src", "{30244264-C1C8-49EF-AF7B-C289E27CEAD9}"
EndProject
Project("{2150E333-8FDC-42A3-9474-1A3956D46DE8}") = "ApiGateway", "ApiGateway", "{95141246-0386-402B-8124-3A69B4D1682B}"
EndProject
Project("{2150E333-8FDC-42A3-9474-1A3956D46DE8}") = "Identity", "Identity", "{B47F88DD-786E-491B-BC4D-7031F5C70317}"
EndProject
Project("{2150E333-8FDC-42A3-9474-1A3956D46DE8}") = "Services", "Services", "{0ACE96B0-0650-44B9-B7A8-5F91F0B38797}"
EndProject
Project("{2150E333-8FDC-42A3-9474-1A3956D46DE8}") = "docs", "docs", "{E48AAB0A-0B9A-468C-BE8B-6C68AE05B992}"
EndProject
Project("{2150E333-8FDC-42A3-9474-1A3956D46DE8}") = "solution items", "solution items", "{7F51A60D-BD5A-4FF6-81A2-C341F08D47C6}"
EndProject
Project("{2150E333-8FDC-42A3-9474-1A3956D46DE8}") = "Trading", "Trading", "{03CD0D6F-AA26-4538-9B57-46A86B713D02}"
EndProject
Project("{2150E333-8FDC-42A3-9474-1A3956D46DE8}") = "Signal", "Signal", "{CC5467D8-6F3F-4614-8260-17AD06A21AA2}"
EndProject
Project("{2150E333-8FDC-42A3-9474-1A3956D46DE8}") = "Wallet", "Wallet", "{49A4C1E1-2D3F-40C4-B42F-ADC1ABE63A55}"
EndProject
Project("{2150E333-8FDC-42A3-9474-1A3956D46DE8}") = "Bot", "Bot", "{F44A04C2-5202-42B3-9830-6DE69A6C19C5}"
EndProject
Project("{FAE04EC0-301F-11D3-BF4B-00C04F79EFBC}") = "Exchange.Trading.Api", "src\Services\Trading\Exchange.Trading.API\Exchange.Trading.Api.csproj", "{65CB0EF8-26DC-48DB-88AB-68103078A801}"
EndProject
Project("{FAE04EC0-301F-11D3-BF4B-00C04F79EFBC}") = "Exchange.Trading.Application", "src\Services\Trading\Exchange.Trading.Application\Exchange.Trading.Application.csproj", "{FEDF2675-A191-43C1-BA62-004DC0BA89AD}"
EndProject
Project("{FAE04EC0-301F-11D3-BF4B-00C04F79EFBC}") = "Exchange.Trading.Infrastructure", "src\Services\Trading\Exchange.Trading.Infrastructure\Exchange.Trading.Infrastructure.csproj", "{6698389B-C43A-4604-B1DF-03BD15A15F01}"
EndProject
Project("{FAE04EC0-301F-11D3-BF4B-00C04F79EFBC}") = "Exchange.Trading.Domain", "src\Services\Trading\Exchange.Trading.Domain\Exchange.Trading.Domain.csproj", "{DF1B5D64-4387-45BE-8432-63BA081A6D49}"
EndProject
Project("{FAE04EC0-301F-11D3-BF4B-00C04F79EFBC}") = "Exchange.Identity.Api", "src\Identity\Exchange.Identity.Api\Exchange.Identity.Api.csproj", "{2AA162B2-C856-4BC0-9F5D-ABAC1E1CE6C8}"
EndProject
Project("{FAE04EC0-301F-11D3-BF4B-00C04F79EFBC}") = "Exchange.Identity.Application", "src\Identity\Exchange.Identity.Application\Exchange.Identity.Application.csproj", "{D5AAE522-D5C7-4E67-B3BC-C40443F56512}"
EndProject
Project("{FAE04EC0-301F-11D3-BF4B-00C04F79EFBC}") = "Exchange.Identity.Domain", "src\Identity\Exchange.Identity.Domain\Exchange.Identity.Domain.csproj", "{D5A9E872-6880-41EE-9041-D9666C373557}"
EndProject
Project("{FAE04EC0-301F-11D3-BF4B-00C04F79EFBC}") = "Exchange.Identity.Infrastructure", "src\Identity\Exchange.Identity.Infrastructure\Exchange.Identity.Infrastructure.csproj", "{A2C3F682-BC60-4449-9322-57F265B1F72A}"
EndProject
Project("{FAE04EC0-301F-11D3-BF4B-00C04F79EFBC}") = "Exchange.Signal.Application", "src\Services\Signal\Exchange.Signal.Application\Exchange.Signal.Application.csproj", "{7F1C416F-A8F3-4AD4-A475-3DFC6B61225D}"
EndProject
Project("{FAE04EC0-301F-11D3-BF4B-00C04F79EFBC}") = "Exchange.Signal.Api", "src\Services\Signal\Exchange.Signal.Api\Exchange.Signal.Api.csproj", "{35D9A739-4634-4ACB-B731-CB7D7C34A3B4}"
EndProject
Project("{FAE04EC0-301F-11D3-BF4B-00C04F79EFBC}") = "Exchange.Signal.Domain", "src\Services\Signal\Exchange.Signal.Domain\Exchange.Signal.Domain.csproj", "{959FE7C3-9E4C-4A85-A638-E2435925E9DF}"
EndProject
Project("{FAE04EC0-301F-11D3-BF4B-00C04F79EFBC}") = "Exchange.Signal.Infrastructure", "src\Services\Signal\Exchange.Signal.Infrastructure\Exchange.Signal.Infrastructure.csproj", "{1980AC69-D032-4B53-926C-28BA3A44F9AE}"
EndProject
Project("{FAE04EC0-301F-11D3-BF4B-00C04F79EFBC}") = "Exchange.ApiGateway", "src\ApiGateway\Exchange.ApiGateway\Exchange.ApiGateway.csproj", "{BA7ECC6C-6932-4101-96E8-C57C289532EB}"
EndProject
Project("{2150E333-8FDC-42A3-9474-1A3956D46DE8}") = "tests", "tests", "{656B0C55-7AA6-40DF-B617-2A7ED62CD36C}"
EndProject
Project("{2150E333-8FDC-42A3-9474-1A3956D46DE8}") = "BuildingBlock", "BuildingBlock", "{4E84ED09-A338-44AC-9E46-C3795DFD9B43}"
EndProject
Project("{FAE04EC0-301F-11D3-BF4B-00C04F79EFBC}") = "Exchange.BuildingBlock", "src\BuildingBlock\Exchange.BuildingBlock\Exchange.BuildingBlock.csproj", "{6DEDA11C-AC23-4634-93B8-76874E3706DF}"
EndProject
Global
	GlobalSection(SolutionConfigurationPlatforms) = preSolution
		Debug|Any CPU = Debug|Any CPU
		Release|Any CPU = Release|Any CPU
	EndGlobalSection
	GlobalSection(ProjectConfigurationPlatforms) = postSolution
		{65CB0EF8-26DC-48DB-88AB-68103078A801}.Debug|Any CPU.ActiveCfg = Debug|Any CPU
		{65CB0EF8-26DC-48DB-88AB-68103078A801}.Debug|Any CPU.Build.0 = Debug|Any CPU
		{65CB0EF8-26DC-48DB-88AB-68103078A801}.Release|Any CPU.ActiveCfg = Release|Any CPU
		{65CB0EF8-26DC-48DB-88AB-68103078A801}.Release|Any CPU.Build.0 = Release|Any CPU
		{FEDF2675-A191-43C1-BA62-004DC0BA89AD}.Debug|Any CPU.ActiveCfg = Debug|Any CPU
		{FEDF2675-A191-43C1-BA62-004DC0BA89AD}.Debug|Any CPU.Build.0 = Debug|Any CPU
		{FEDF2675-A191-43C1-BA62-004DC0BA89AD}.Release|Any CPU.ActiveCfg = Release|Any CPU
		{FEDF2675-A191-43C1-BA62-004DC0BA89AD}.Release|Any CPU.Build.0 = Release|Any CPU
		{6698389B-C43A-4604-B1DF-03BD15A15F01}.Debug|Any CPU.ActiveCfg = Debug|Any CPU
		{6698389B-C43A-4604-B1DF-03BD15A15F01}.Debug|Any CPU.Build.0 = Debug|Any CPU
		{6698389B-C43A-4604-B1DF-03BD15A15F01}.Release|Any CPU.ActiveCfg = Release|Any CPU
		{6698389B-C43A-4604-B1DF-03BD15A15F01}.Release|Any CPU.Build.0 = Release|Any CPU
		{DF1B5D64-4387-45BE-8432-63BA081A6D49}.Debug|Any CPU.ActiveCfg = Debug|Any CPU
		{DF1B5D64-4387-45BE-8432-63BA081A6D49}.Debug|Any CPU.Build.0 = Debug|Any CPU
		{DF1B5D64-4387-45BE-8432-63BA081A6D49}.Release|Any CPU.ActiveCfg = Release|Any CPU
		{DF1B5D64-4387-45BE-8432-63BA081A6D49}.Release|Any CPU.Build.0 = Release|Any CPU
		{2AA162B2-C856-4BC0-9F5D-ABAC1E1CE6C8}.Debug|Any CPU.ActiveCfg = Debug|Any CPU
		{2AA162B2-C856-4BC0-9F5D-ABAC1E1CE6C8}.Debug|Any CPU.Build.0 = Debug|Any CPU
		{2AA162B2-C856-4BC0-9F5D-ABAC1E1CE6C8}.Release|Any CPU.ActiveCfg = Release|Any CPU
		{2AA162B2-C856-4BC0-9F5D-ABAC1E1CE6C8}.Release|Any CPU.Build.0 = Release|Any CPU
		{D5AAE522-D5C7-4E67-B3BC-C40443F56512}.Debug|Any CPU.ActiveCfg = Debug|Any CPU
		{D5AAE522-D5C7-4E67-B3BC-C40443F56512}.Debug|Any CPU.Build.0 = Debug|Any CPU
		{D5AAE522-D5C7-4E67-B3BC-C40443F56512}.Release|Any CPU.ActiveCfg = Release|Any CPU
		{D5AAE522-D5C7-4E67-B3BC-C40443F56512}.Release|Any CPU.Build.0 = Release|Any CPU
		{D5A9E872-6880-41EE-9041-D9666C373557}.Debug|Any CPU.ActiveCfg = Debug|Any CPU
		{D5A9E872-6880-41EE-9041-D9666C373557}.Debug|Any CPU.Build.0 = Debug|Any CPU
		{D5A9E872-6880-41EE-9041-D9666C373557}.Release|Any CPU.ActiveCfg = Release|Any CPU
		{D5A9E872-6880-41EE-9041-D9666C373557}.Release|Any CPU.Build.0 = Release|Any CPU
		{A2C3F682-BC60-4449-9322-57F265B1F72A}.Debug|Any CPU.ActiveCfg = Debug|Any CPU
		{A2C3F682-BC60-4449-9322-57F265B1F72A}.Debug|Any CPU.Build.0 = Debug|Any CPU
		{A2C3F682-BC60-4449-9322-57F265B1F72A}.Release|Any CPU.ActiveCfg = Release|Any CPU
		{A2C3F682-BC60-4449-9322-57F265B1F72A}.Release|Any CPU.Build.0 = Release|Any CPU
		{7F1C416F-A8F3-4AD4-A475-3DFC6B61225D}.Debug|Any CPU.ActiveCfg = Debug|Any CPU
		{7F1C416F-A8F3-4AD4-A475-3DFC6B61225D}.Debug|Any CPU.Build.0 = Debug|Any CPU
		{7F1C416F-A8F3-4AD4-A475-3DFC6B61225D}.Release|Any CPU.ActiveCfg = Release|Any CPU
		{7F1C416F-A8F3-4AD4-A475-3DFC6B61225D}.Release|Any CPU.Build.0 = Release|Any CPU
		{35D9A739-4634-4ACB-B731-CB7D7C34A3B4}.Debug|Any CPU.ActiveCfg = Debug|Any CPU
		{35D9A739-4634-4ACB-B731-CB7D7C34A3B4}.Debug|Any CPU.Build.0 = Debug|Any CPU
		{35D9A739-4634-4ACB-B731-CB7D7C34A3B4}.Release|Any CPU.ActiveCfg = Release|Any CPU
		{35D9A739-4634-4ACB-B731-CB7D7C34A3B4}.Release|Any CPU.Build.0 = Release|Any CPU
		{959FE7C3-9E4C-4A85-A638-E2435925E9DF}.Debug|Any CPU.ActiveCfg = Debug|Any CPU
		{959FE7C3-9E4C-4A85-A638-E2435925E9DF}.Debug|Any CPU.Build.0 = Debug|Any CPU
		{959FE7C3-9E4C-4A85-A638-E2435925E9DF}.Release|Any CPU.ActiveCfg = Release|Any CPU
		{959FE7C3-9E4C-4A85-A638-E2435925E9DF}.Release|Any CPU.Build.0 = Release|Any CPU
		{1980AC69-D032-4B53-926C-28BA3A44F9AE}.Debug|Any CPU.ActiveCfg = Debug|Any CPU
		{1980AC69-D032-4B53-926C-28BA3A44F9AE}.Debug|Any CPU.Build.0 = Debug|Any CPU
		{1980AC69-D032-4B53-926C-28BA3A44F9AE}.Release|Any CPU.ActiveCfg = Release|Any CPU
		{1980AC69-D032-4B53-926C-28BA3A44F9AE}.Release|Any CPU.Build.0 = Release|Any CPU
		{BA7ECC6C-6932-4101-96E8-C57C289532EB}.Debug|Any CPU.ActiveCfg = Debug|Any CPU
		{BA7ECC6C-6932-4101-96E8-C57C289532EB}.Debug|Any CPU.Build.0 = Debug|Any CPU
		{BA7ECC6C-6932-4101-96E8-C57C289532EB}.Release|Any CPU.ActiveCfg = Release|Any CPU
		{BA7ECC6C-6932-4101-96E8-C57C289532EB}.Release|Any CPU.Build.0 = Release|Any CPU
		{6DEDA11C-AC23-4634-93B8-76874E3706DF}.Debug|Any CPU.ActiveCfg = Debug|Any CPU
		{6DEDA11C-AC23-4634-93B8-76874E3706DF}.Debug|Any CPU.Build.0 = Debug|Any CPU
		{6DEDA11C-AC23-4634-93B8-76874E3706DF}.Release|Any CPU.ActiveCfg = Release|Any CPU
		{6DEDA11C-AC23-4634-93B8-76874E3706DF}.Release|Any CPU.Build.0 = Release|Any CPU
	EndGlobalSection
	GlobalSection(SolutionProperties) = preSolution
		HideSolutionNode = FALSE
	EndGlobalSection
	GlobalSection(NestedProjects) = preSolution
		{95141246-0386-402B-8124-3A69B4D1682B} = {30244264-C1C8-49EF-AF7B-C289E27CEAD9}
		{B47F88DD-786E-491B-BC4D-7031F5C70317} = {30244264-C1C8-49EF-AF7B-C289E27CEAD9}
		{0ACE96B0-0650-44B9-B7A8-5F91F0B38797} = {30244264-C1C8-49EF-AF7B-C289E27CEAD9}
		{03CD0D6F-AA26-4538-9B57-46A86B713D02} = {0ACE96B0-0650-44B9-B7A8-5F91F0B38797}
		{CC5467D8-6F3F-4614-8260-17AD06A21AA2} = {0ACE96B0-0650-44B9-B7A8-5F91F0B38797}
		{49A4C1E1-2D3F-40C4-B42F-ADC1ABE63A55} = {0ACE96B0-0650-44B9-B7A8-5F91F0B38797}
		{F44A04C2-5202-42B3-9830-6DE69A6C19C5} = {0ACE96B0-0650-44B9-B7A8-5F91F0B38797}
		{65CB0EF8-26DC-48DB-88AB-68103078A801} = {03CD0D6F-AA26-4538-9B57-46A86B713D02}
		{FEDF2675-A191-43C1-BA62-004DC0BA89AD} = {03CD0D6F-AA26-4538-9B57-46A86B713D02}
		{6698389B-C43A-4604-B1DF-03BD15A15F01} = {03CD0D6F-AA26-4538-9B57-46A86B713D02}
		{DF1B5D64-4387-45BE-8432-63BA081A6D49} = {03CD0D6F-AA26-4538-9B57-46A86B713D02}
		{2AA162B2-C856-4BC0-9F5D-ABAC1E1CE6C8} = {B47F88DD-786E-491B-BC4D-7031F5C70317}
		{D5AAE522-D5C7-4E67-B3BC-C40443F56512} = {B47F88DD-786E-491B-BC4D-7031F5C70317}
		{D5A9E872-6880-41EE-9041-D9666C373557} = {B47F88DD-786E-491B-BC4D-7031F5C70317}
		{A2C3F682-BC60-4449-9322-57F265B1F72A} = {B47F88DD-786E-491B-BC4D-7031F5C70317}
		{7F1C416F-A8F3-4AD4-A475-3DFC6B61225D} = {CC5467D8-6F3F-4614-8260-17AD06A21AA2}
		{35D9A739-4634-4ACB-B731-CB7D7C34A3B4} = {CC5467D8-6F3F-4614-8260-17AD06A21AA2}
		{959FE7C3-9E4C-4A85-A638-E2435925E9DF} = {CC5467D8-6F3F-4614-8260-17AD06A21AA2}
		{1980AC69-D032-4B53-926C-28BA3A44F9AE} = {CC5467D8-6F3F-4614-8260-17AD06A21AA2}
		{BA7ECC6C-6932-4101-96E8-C57C289532EB} = {95141246-0386-402B-8124-3A69B4D1682B}
		{4E84ED09-A338-44AC-9E46-C3795DFD9B43} = {30244264-C1C8-49EF-AF7B-C289E27CEAD9}
		{6DEDA11C-AC23-4634-93B8-76874E3706DF} = {4E84ED09-A338-44AC-9E46-C3795DFD9B43}
	EndGlobalSection
EndGlobal
